
Microsoft Visual Studio Solution File, Format Version 12.00
# Visual Studio Version 17
VisualStudioVersion = 17.9.34723.18
MinimumVisualStudioVersion = 10.0.40219.1
Project("{FAE04EC0-301F-11D3-BF4B-00C04F79EFBC}") = "BadgeMaui", "BadgeMaui.csproj", "{603352DD-3971-419B-8021-1C4F02D83875}"
EndProject
Global
	GlobalSection(SolutionConfigurationPlatforms) = preSolution
		Debug|Any CPU = Debug|Any CPU
		Release|Any CPU = Release|Any CPU
	EndGlobalSection
	GlobalSection(ProjectConfigurationPlatforms) = postSolution
		{603352DD-3971-419B-8021-1C4F02D83875}.Debug|Any CPU.ActiveCfg = Debug|Any CPU
		{603352DD-3971-419B-8021-1C4F02D83875}.Debug|Any CPU.Build.0 = Debug|Any CPU
		{603352DD-3971-419B-8021-1C4F02D83875}.Release|Any CPU.ActiveCfg = Release|Any CPU
		{603352DD-3971-419B-8021-1C4F02D83875}.Release|Any CPU.Build.0 = Release|Any CPU
	EndGlobalSection
	GlobalSection(SolutionProperties) = preSolution
		HideSolutionNode = FALSE
	EndGlobalSection
	GlobalSection(ExtensibilityGlobals) = postSolution
		SolutionGuid = {5C8408ED-3941-4441-A43F-B528826E89C0}
	EndGlobalSection
EndGlobal
